// !$*UTF8*$!
{
	archiveVersion = 1;
	classes = {
	};
	objectVersion = 46;
	objects = {

/* Begin PBXBuildFile section */
		8419383B1B44ACD7004A76BF /* AlbumDrilldownTableViewController.m in Sources */ = {isa = PBXBuildFile; fileRef = 8419383A1B44ACD7004A76BF /* AlbumDrilldownTableViewController.m */; };
		8459980C1B1F846000B0B659 /* main.m in Sources */ = {isa = PBXBuildFile; fileRef = 8459980B1B1F846000B0B659 /* main.m */; };
		8459980F1B1F846000B0B659 /* AppDelegate.m in Sources */ = {isa = PBXBuildFile; fileRef = 8459980E1B1F846000B0B659 /* AppDelegate.m */; };
		845998151B1F846000B0B659 /* Main.storyboard in Resources */ = {isa = PBXBuildFile; fileRef = 845998131B1F846000B0B659 /* Main.storyboard */; };
		845998171B1F846000B0B659 /* Images.xcassets in Resources */ = {isa = PBXBuildFile; fileRef = 845998161B1F846000B0B659 /* Images.xcassets */; };
		8459981A1B1F846000B0B659 /* LaunchScreen.xib in Resources */ = {isa = PBXBuildFile; fileRef = 845998181B1F846000B0B659 /* LaunchScreen.xib */; };
		845998261B1F846100B0B659 /* BandStalkerTests.m in Sources */ = {isa = PBXBuildFile; fileRef = 845998251B1F846100B0B659 /* BandStalkerTests.m */; };
		845998311B1F914100B0B659 /* ArtistsTableViewController.m in Sources */ = {isa = PBXBuildFile; fileRef = 845998301B1F914100B0B659 /* ArtistsTableViewController.m */; };
		845998341B1F93AF00B0B659 /* Artist.m in Sources */ = {isa = PBXBuildFile; fileRef = 845998331B1F93AF00B0B659 /* Artist.m */; };
		845998371B1F98F800B0B659 /* Album.m in Sources */ = {isa = PBXBuildFile; fileRef = 845998361B1F98F800B0B659 /* Album.m */; };
		8459983A1B1FA5E400B0B659 /* AlbumsTableViewController.m in Sources */ = {isa = PBXBuildFile; fileRef = 845998391B1FA5E400B0B659 /* AlbumsTableViewController.m */; };
		8459983D1B1FAC1C00B0B659 /* AddArtistViewController.m in Sources */ = {isa = PBXBuildFile; fileRef = 8459983C1B1FAC1C00B0B659 /* AddArtistViewController.m */; };
		845998401B1FB07D00B0B659 /* AddArtist.m in Sources */ = {isa = PBXBuildFile; fileRef = 8459983F1B1FB07D00B0B659 /* AddArtist.m */; };
		845998421B1FDBA300B0B659 /* Spotify.framework in Frameworks */ = {isa = PBXBuildFile; fileRef = 845998411B1FDBA300B0B659 /* Spotify.framework */; };
		8499449C1B2032080080733F /* customTableViewCell.m in Sources */ = {isa = PBXBuildFile; fileRef = 8499449B1B2032080080733F /* customTableViewCell.m */; };
		8499449E1B3B570E0080733F /* profile_default.jpg in Resources */ = {isa = PBXBuildFile; fileRef = 8499449D1B3B570E0080733F /* profile_default.jpg */; };
		849944A11B3CEBD10080733F /* Track.m in Sources */ = {isa = PBXBuildFile; fileRef = 849944A01B3CEBD10080733F /* Track.m */; };
		849944A71B3D35E80080733F /* SpotifyManager.m in Sources */ = {isa = PBXBuildFile; fileRef = 849944A61B3D35E80080733F /* SpotifyManager.m */; };
		849944AD1B3D66D50080733F /* ArtistDrilldownTableViewController.m in Sources */ = {isa = PBXBuildFile; fileRef = 849944AC1B3D66D50080733F /* ArtistDrilldownTableViewController.m */; };
		849944B01B3D6BAA0080733F /* TrackTableViewCell.m in Sources */ = {isa = PBXBuildFile; fileRef = 849944AF1B3D6BAA0080733F /* TrackTableViewCell.m */; };
/* End PBXBuildFile section */

/* Begin PBXContainerItemProxy section */
		845998201B1F846100B0B659 /* PBXContainerItemProxy */ = {
			isa = PBXContainerItemProxy;
			containerPortal = 845997FE1B1F846000B0B659 /* Project object */;
			proxyType = 1;
			remoteGlobalIDString = 845998051B1F846000B0B659;
			remoteInfo = BandStalker;
		};
/* End PBXContainerItemProxy section */

/* Begin PBXFileReference section */
		841938391B44ACD6004A76BF /* AlbumDrilldownTableViewController.h */ = {isa = PBXFileReference; fileEncoding = 4; lastKnownFileType = sourcecode.c.h; path = AlbumDrilldownTableViewController.h; sourceTree = "<group>"; };
		8419383A1B44ACD7004A76BF /* AlbumDrilldownTableViewController.m */ = {isa = PBXFileReference; fileEncoding = 4; lastKnownFileType = sourcecode.c.objc; path = AlbumDrilldownTableViewController.m; sourceTree = "<group>"; };
		845998061B1F846000B0B659 /* BandStalker.app */ = {isa = PBXFileReference; explicitFileType = wrapper.application; includeInIndex = 0; path = BandStalker.app; sourceTree = BUILT_PRODUCTS_DIR; };
		8459980A1B1F846000B0B659 /* Info.plist */ = {isa = PBXFileReference; lastKnownFileType = text.plist.xml; path = Info.plist; sourceTree = "<group>"; };
		8459980B1B1F846000B0B659 /* main.m */ = {isa = PBXFileReference; lastKnownFileType = sourcecode.c.objc; path = main.m; sourceTree = "<group>"; };
		8459980D1B1F846000B0B659 /* AppDelegate.h */ = {isa = PBXFileReference; lastKnownFileType = sourcecode.c.h; path = AppDelegate.h; sourceTree = "<group>"; };
		8459980E1B1F846000B0B659 /* AppDelegate.m */ = {isa = PBXFileReference; lastKnownFileType = sourcecode.c.objc; path = AppDelegate.m; sourceTree = "<group>"; };
		845998141B1F846000B0B659 /* Base */ = {isa = PBXFileReference; lastKnownFileType = file.storyboard; name = Base; path = Base.lproj/Main.storyboard; sourceTree = "<group>"; };
		845998161B1F846000B0B659 /* Images.xcassets */ = {isa = PBXFileReference; lastKnownFileType = folder.assetcatalog; path = Images.xcassets; sourceTree = "<group>"; };
		845998191B1F846000B0B659 /* Base */ = {isa = PBXFileReference; lastKnownFileType = file.xib; name = Base; path = Base.lproj/LaunchScreen.xib; sourceTree = "<group>"; };
		8459981F1B1F846100B0B659 /* BandStalkerTests.xctest */ = {isa = PBXFileReference; explicitFileType = wrapper.cfbundle; includeInIndex = 0; path = BandStalkerTests.xctest; sourceTree = BUILT_PRODUCTS_DIR; };
		845998241B1F846100B0B659 /* Info.plist */ = {isa = PBXFileReference; lastKnownFileType = text.plist.xml; path = Info.plist; sourceTree = "<group>"; };
		845998251B1F846100B0B659 /* BandStalkerTests.m */ = {isa = PBXFileReference; lastKnownFileType = sourcecode.c.objc; path = BandStalkerTests.m; sourceTree = "<group>"; };
		8459982F1B1F914100B0B659 /* ArtistsTableViewController.h */ = {isa = PBXFileReference; fileEncoding = 4; lastKnownFileType = sourcecode.c.h; name = ArtistsTableViewController.h; path = ../ArtistsTableViewController.h; sourceTree = "<group>"; };
		845998301B1F914100B0B659 /* ArtistsTableViewController.m */ = {isa = PBXFileReference; fileEncoding = 4; lastKnownFileType = sourcecode.c.objc; name = ArtistsTableViewController.m; path = ../ArtistsTableViewController.m; sourceTree = "<group>"; };
		845998321B1F93AF00B0B659 /* Artist.h */ = {isa = PBXFileReference; fileEncoding = 4; lastKnownFileType = sourcecode.c.h; path = Artist.h; sourceTree = "<group>"; };
		845998331B1F93AF00B0B659 /* Artist.m */ = {isa = PBXFileReference; fileEncoding = 4; lastKnownFileType = sourcecode.c.objc; path = Artist.m; sourceTree = "<group>"; };
		845998351B1F98F800B0B659 /* Album.h */ = {isa = PBXFileReference; fileEncoding = 4; lastKnownFileType = sourcecode.c.h; path = Album.h; sourceTree = "<group>"; };
		845998361B1F98F800B0B659 /* Album.m */ = {isa = PBXFileReference; fileEncoding = 4; lastKnownFileType = sourcecode.c.objc; path = Album.m; sourceTree = "<group>"; };
		845998381B1FA5E400B0B659 /* AlbumsTableViewController.h */ = {isa = PBXFileReference; fileEncoding = 4; lastKnownFileType = sourcecode.c.h; path = AlbumsTableViewController.h; sourceTree = "<group>"; };
		845998391B1FA5E400B0B659 /* AlbumsTableViewController.m */ = {isa = PBXFileReference; fileEncoding = 4; lastKnownFileType = sourcecode.c.objc; path = AlbumsTableViewController.m; sourceTree = "<group>"; };
		8459983B1B1FAC1C00B0B659 /* AddArtistViewController.h */ = {isa = PBXFileReference; fileEncoding = 4; lastKnownFileType = sourcecode.c.h; path = AddArtistViewController.h; sourceTree = "<group>"; };
		8459983C1B1FAC1C00B0B659 /* AddArtistViewController.m */ = {isa = PBXFileReference; fileEncoding = 4; lastKnownFileType = sourcecode.c.objc; path = AddArtistViewController.m; sourceTree = "<group>"; };
		8459983E1B1FB07D00B0B659 /* AddArtist.h */ = {isa = PBXFileReference; fileEncoding = 4; lastKnownFileType = sourcecode.c.h; path = AddArtist.h; sourceTree = "<group>"; };
		8459983F1B1FB07D00B0B659 /* AddArtist.m */ = {isa = PBXFileReference; fileEncoding = 4; lastKnownFileType = sourcecode.c.objc; path = AddArtist.m; sourceTree = "<group>"; };
		845998411B1FDBA300B0B659 /* Spotify.framework */ = {isa = PBXFileReference; lastKnownFileType = wrapper.framework; path = Spotify.framework; sourceTree = "<group>"; };
		8499449A1B2032080080733F /* customTableViewCell.h */ = {isa = PBXFileReference; fileEncoding = 4; lastKnownFileType = sourcecode.c.h; path = customTableViewCell.h; sourceTree = "<group>"; };
		8499449B1B2032080080733F /* customTableViewCell.m */ = {isa = PBXFileReference; fileEncoding = 4; lastKnownFileType = sourcecode.c.objc; path = customTableViewCell.m; sourceTree = "<group>"; };
		8499449D1B3B570E0080733F /* profile_default.jpg */ = {isa = PBXFileReference; lastKnownFileType = image.jpeg; path = profile_default.jpg; sourceTree = "<group>"; };
		8499449F1B3CEBD10080733F /* Track.h */ = {isa = PBXFileReference; fileEncoding = 4; lastKnownFileType = sourcecode.c.h; path = Track.h; sourceTree = "<group>"; };
		849944A01B3CEBD10080733F /* Track.m */ = {isa = PBXFileReference; fileEncoding = 4; lastKnownFileType = sourcecode.c.objc; path = Track.m; sourceTree = "<group>"; };
		849944A51B3D35E70080733F /* SpotifyManager.h */ = {isa = PBXFileReference; fileEncoding = 4; lastKnownFileType = sourcecode.c.h; path = SpotifyManager.h; sourceTree = "<group>"; };
		849944A61B3D35E80080733F /* SpotifyManager.m */ = {isa = PBXFileReference; fileEncoding = 4; lastKnownFileType = sourcecode.c.objc; path = SpotifyManager.m; sourceTree = "<group>"; };
		849944AB1B3D66D50080733F /* ArtistDrilldownTableViewController.h */ = {isa = PBXFileReference; fileEncoding = 4; lastKnownFileType = sourcecode.c.h; path = ArtistDrilldownTableViewController.h; sourceTree = "<group>"; };
		849944AC1B3D66D50080733F /* ArtistDrilldownTableViewController.m */ = {isa = PBXFileReference; fileEncoding = 4; lastKnownFileType = sourcecode.c.objc; path = ArtistDrilldownTableViewController.m; sourceTree = "<group>"; };
		849944AE1B3D6BAA0080733F /* TrackTableViewCell.h */ = {isa = PBXFileReference; fileEncoding = 4; lastKnownFileType = sourcecode.c.h; path = TrackTableViewCell.h; sourceTree = "<group>"; };
		849944AF1B3D6BAA0080733F /* TrackTableViewCell.m */ = {isa = PBXFileReference; fileEncoding = 4; lastKnownFileType = sourcecode.c.objc; path = TrackTableViewCell.m; sourceTree = "<group>"; };
/* End PBXFileReference section */

/* Begin PBXFrameworksBuildPhase section */
		845998031B1F846000B0B659 /* Frameworks */ = {
			isa = PBXFrameworksBuildPhase;
			buildActionMask = 2147483647;
			files = (
				845998421B1FDBA300B0B659 /* Spotify.framework in Frameworks */,
			);
			runOnlyForDeploymentPostprocessing = 0;
		};
		8459981C1B1F846100B0B659 /* Frameworks */ = {
			isa = PBXFrameworksBuildPhase;
			buildActionMask = 2147483647;
			files = (
			);
			runOnlyForDeploymentPostprocessing = 0;
		};
/* End PBXFrameworksBuildPhase section */

/* Begin PBXGroup section */
		845997FD1B1F846000B0B659 = {
			isa = PBXGroup;
			children = (
				845998081B1F846000B0B659 /* BandStalker */,
				845998221B1F846100B0B659 /* BandStalkerTests */,
				845998071B1F846000B0B659 /* Products */,
			);
			sourceTree = "<group>";
		};
		845998071B1F846000B0B659 /* Products */ = {
			isa = PBXGroup;
			children = (
				845998061B1F846000B0B659 /* BandStalker.app */,
				8459981F1B1F846100B0B659 /* BandStalkerTests.xctest */,
			);
			name = Products;
			sourceTree = "<group>";
		};
		845998081B1F846000B0B659 /* BandStalker */ = {
			isa = PBXGroup;
			children = (
				8459982F1B1F914100B0B659 /* ArtistsTableViewController.h */,
				845998301B1F914100B0B659 /* ArtistsTableViewController.m */,
				845998411B1FDBA300B0B659 /* Spotify.framework */,
				8459983B1B1FAC1C00B0B659 /* AddArtistViewController.h */,
				8459983C1B1FAC1C00B0B659 /* AddArtistViewController.m */,
				8459980D1B1F846000B0B659 /* AppDelegate.h */,
				8459980E1B1F846000B0B659 /* AppDelegate.m */,
				845998131B1F846000B0B659 /* Main.storyboard */,
				849944AE1B3D6BAA0080733F /* TrackTableViewCell.h */,
				849944AF1B3D6BAA0080733F /* TrackTableViewCell.m */,
				849944AB1B3D66D50080733F /* ArtistDrilldownTableViewController.h */,
				849944AC1B3D66D50080733F /* ArtistDrilldownTableViewController.m */,
				841938391B44ACD6004A76BF /* AlbumDrilldownTableViewController.h */,
				8419383A1B44ACD7004A76BF /* AlbumDrilldownTableViewController.m */,
				8499449A1B2032080080733F /* customTableViewCell.h */,
				8499449B1B2032080080733F /* customTableViewCell.m */,
				8459983E1B1FB07D00B0B659 /* AddArtist.h */,
				8459983F1B1FB07D00B0B659 /* AddArtist.m */,
				845998381B1FA5E400B0B659 /* AlbumsTableViewController.h */,
				845998391B1FA5E400B0B659 /* AlbumsTableViewController.m */,
				8499449F1B3CEBD10080733F /* Track.h */,
				849944A01B3CEBD10080733F /* Track.m */,
				845998321B1F93AF00B0B659 /* Artist.h */,
				845998351B1F98F800B0B659 /* Album.h */,
				845998361B1F98F800B0B659 /* Album.m */,
				845998331B1F93AF00B0B659 /* Artist.m */,
				849944A51B3D35E70080733F /* SpotifyManager.h */,
				849944A61B3D35E80080733F /* SpotifyManager.m */,
				845998161B1F846000B0B659 /* Images.xcassets */,
				8499449D1B3B570E0080733F /* profile_default.jpg */,
				845998181B1F846000B0B659 /* LaunchScreen.xib */,
				845998091B1F846000B0B659 /* Supporting Files */,
			);
			path = BandStalker;
			sourceTree = "<group>";
		};
		845998091B1F846000B0B659 /* Supporting Files */ = {
			isa = PBXGroup;
			children = (
				8459980A1B1F846000B0B659 /* Info.plist */,
				8459980B1B1F846000B0B659 /* main.m */,
			);
			name = "Supporting Files";
			sourceTree = "<group>";
		};
		845998221B1F846100B0B659 /* BandStalkerTests */ = {
			isa = PBXGroup;
			children = (
				845998251B1F846100B0B659 /* BandStalkerTests.m */,
				845998231B1F846100B0B659 /* Supporting Files */,
			);
			path = BandStalkerTests;
			sourceTree = "<group>";
		};
		845998231B1F846100B0B659 /* Supporting Files */ = {
			isa = PBXGroup;
			children = (
				845998241B1F846100B0B659 /* Info.plist */,
			);
			name = "Supporting Files";
			sourceTree = "<group>";
		};
/* End PBXGroup section */

/* Begin PBXNativeTarget section */
		845998051B1F846000B0B659 /* BandStalker */ = {
			isa = PBXNativeTarget;
			buildConfigurationList = 845998291B1F846100B0B659 /* Build configuration list for PBXNativeTarget "BandStalker" */;
			buildPhases = (
				845998021B1F846000B0B659 /* Sources */,
				845998031B1F846000B0B659 /* Frameworks */,
				845998041B1F846000B0B659 /* Resources */,
			);
			buildRules = (
			);
			dependencies = (
			);
			name = BandStalker;
			productName = BandStalker;
			productReference = 845998061B1F846000B0B659 /* BandStalker.app */;
			productType = "com.apple.product-type.application";
		};
		8459981E1B1F846100B0B659 /* BandStalkerTests */ = {
			isa = PBXNativeTarget;
			buildConfigurationList = 8459982C1B1F846100B0B659 /* Build configuration list for PBXNativeTarget "BandStalkerTests" */;
			buildPhases = (
				8459981B1B1F846100B0B659 /* Sources */,
				8459981C1B1F846100B0B659 /* Frameworks */,
				8459981D1B1F846100B0B659 /* Resources */,
			);
			buildRules = (
			);
			dependencies = (
				845998211B1F846100B0B659 /* PBXTargetDependency */,
			);
			name = BandStalkerTests;
			productName = BandStalkerTests;
			productReference = 8459981F1B1F846100B0B659 /* BandStalkerTests.xctest */;
			productType = "com.apple.product-type.bundle.unit-test";
		};
/* End PBXNativeTarget section */

/* Begin PBXProject section */
		845997FE1B1F846000B0B659 /* Project object */ = {
			isa = PBXProject;
			attributes = {
				LastUpgradeCheck = 0630;
				ORGANIZATIONNAME = Admin;
				TargetAttributes = {
					845998051B1F846000B0B659 = {
						CreatedOnToolsVersion = 6.3.2;
					};
					8459981E1B1F846100B0B659 = {
						CreatedOnToolsVersion = 6.3.2;
						TestTargetID = 845998051B1F846000B0B659;
					};
				};
			};
			buildConfigurationList = 845998011B1F846000B0B659 /* Build configuration list for PBXProject "BandStalker" */;
			compatibilityVersion = "Xcode 3.2";
			developmentRegion = English;
			hasScannedForEncodings = 0;
			knownRegions = (
				en,
				Base,
			);
			mainGroup = 845997FD1B1F846000B0B659;
			productRefGroup = 845998071B1F846000B0B659 /* Products */;
			projectDirPath = "";
			projectRoot = "";
			targets = (
				845998051B1F846000B0B659 /* BandStalker */,
				8459981E1B1F846100B0B659 /* BandStalkerTests */,
			);
		};
/* End PBXProject section */

/* Begin PBXResourcesBuildPhase section */
		845998041B1F846000B0B659 /* Resources */ = {
			isa = PBXResourcesBuildPhase;
			buildActionMask = 2147483647;
			files = (
				845998151B1F846000B0B659 /* Main.storyboard in Resources */,
				8459981A1B1F846000B0B659 /* LaunchScreen.xib in Resources */,
				845998171B1F846000B0B659 /* Images.xcassets in Resources */,
				8499449E1B3B570E0080733F /* profile_default.jpg in Resources */,
			);
			runOnlyForDeploymentPostprocessing = 0;
		};
		8459981D1B1F846100B0B659 /* Resources */ = {
			isa = PBXResourcesBuildPhase;
			buildActionMask = 2147483647;
			files = (
			);
			runOnlyForDeploymentPostprocessing = 0;
		};
/* End PBXResourcesBuildPhase section */

/* Begin PBXSourcesBuildPhase section */
		845998021B1F846000B0B659 /* Sources */ = {
			isa = PBXSourcesBuildPhase;
			buildActionMask = 2147483647;
			files = (
				8499449C1B2032080080733F /* customTableViewCell.m in Sources */,
				849944B01B3D6BAA0080733F /* TrackTableViewCell.m in Sources */,
				8459983A1B1FA5E400B0B659 /* AlbumsTableViewController.m in Sources */,
				8419383B1B44ACD7004A76BF /* AlbumDrilldownTableViewController.m in Sources */,
				845998311B1F914100B0B659 /* ArtistsTableViewController.m in Sources */,
				849944A11B3CEBD10080733F /* Track.m in Sources */,
				8459983D1B1FAC1C00B0B659 /* AddArtistViewController.m in Sources */,
				845998401B1FB07D00B0B659 /* AddArtist.m in Sources */,
				8459980F1B1F846000B0B659 /* AppDelegate.m in Sources */,
				849944AD1B3D66D50080733F /* ArtistDrilldownTableViewController.m in Sources */,
				845998371B1F98F800B0B659 /* Album.m in Sources */,
				8459980C1B1F846000B0B659 /* main.m in Sources */,
				849944A71B3D35E80080733F /* SpotifyManager.m in Sources */,
				845998341B1F93AF00B0B659 /* Artist.m in Sources */,
			);
			runOnlyForDeploymentPostprocessing = 0;
		};
		8459981B1B1F846100B0B659 /* Sources */ = {
			isa = PBXSourcesBuildPhase;
			buildActionMask = 2147483647;
			files = (
				845998261B1F846100B0B659 /* BandStalkerTests.m in Sources */,
			);
			runOnlyForDeploymentPostprocessing = 0;
		};
/* End PBXSourcesBuildPhase section */

/* Begin PBXTargetDependency section */
		845998211B1F846100B0B659 /* PBXTargetDependency */ = {
			isa = PBXTargetDependency;
			target = 845998051B1F846000B0B659 /* BandStalker */;
			targetProxy = 845998201B1F846100B0B659 /* PBXContainerItemProxy */;
		};
/* End PBXTargetDependency section */

/* Begin PBXVariantGroup section */
		845998131B1F846000B0B659 /* Main.storyboard */ = {
			isa = PBXVariantGroup;
			children = (
				845998141B1F846000B0B659 /* Base */,
			);
			name = Main.storyboard;
			sourceTree = "<group>";
		};
		845998181B1F846000B0B659 /* LaunchScreen.xib */ = {
			isa = PBXVariantGroup;
			children = (
				845998191B1F846000B0B659 /* Base */,
			);
			name = LaunchScreen.xib;
			sourceTree = "<group>";
		};
/* End PBXVariantGroup section */

/* Begin XCBuildConfiguration section */
		845998271B1F846100B0B659 /* Debug */ = {
			isa = XCBuildConfiguration;
			buildSettings = {
				ALWAYS_SEARCH_USER_PATHS = NO;
				CLANG_CXX_LANGUAGE_STANDARD = "gnu++0x";
				CLANG_CXX_LIBRARY = "libc++";
				CLANG_ENABLE_MODULES = YES;
				CLANG_ENABLE_OBJC_ARC = YES;
				CLANG_WARN_BOOL_CONVERSION = YES;
				CLANG_WARN_CONSTANT_CONVERSION = YES;
				CLANG_WARN_DIRECT_OBJC_ISA_USAGE = YES_ERROR;
				CLANG_WARN_EMPTY_BODY = YES;
				CLANG_WARN_ENUM_CONVERSION = YES;
				CLANG_WARN_INT_CONVERSION = YES;
				CLANG_WARN_OBJC_ROOT_CLASS = YES_ERROR;
				CLANG_WARN_UNREACHABLE_CODE = YES;
				CLANG_WARN__DUPLICATE_METHOD_MATCH = YES;
				"CODE_SIGN_IDENTITY[sdk=iphoneos*]" = "iPhone Developer";
				COPY_PHASE_STRIP = NO;
				DEBUG_INFORMATION_FORMAT = "dwarf-with-dsym";
				ENABLE_STRICT_OBJC_MSGSEND = YES;
				GCC_C_LANGUAGE_STANDARD = gnu99;
				GCC_DYNAMIC_NO_PIC = NO;
				GCC_NO_COMMON_BLOCKS = YES;
				GCC_OPTIMIZATION_LEVEL = 0;
				GCC_PREPROCESSOR_DEFINITIONS = (
					"DEBUG=1",
					"$(inherited)",
				);
				GCC_SYMBOLS_PRIVATE_EXTERN = NO;
				GCC_WARN_64_TO_32_BIT_CONVERSION = YES;
				GCC_WARN_ABOUT_RETURN_TYPE = YES_ERROR;
				GCC_WARN_UNDECLARED_SELECTOR = YES;
				GCC_WARN_UNINITIALIZED_AUTOS = YES_AGGRESSIVE;
				GCC_WARN_UNUSED_FUNCTION = YES;
				GCC_WARN_UNUSED_VARIABLE = YES;
				IPHONEOS_DEPLOYMENT_TARGET = 8.3;
				MTL_ENABLE_DEBUG_INFO = YES;
				ONLY_ACTIVE_ARCH = YES;
				SDKROOT = iphoneos;
				TARGETED_DEVICE_FAMILY = "1,2";
			};
			name = Debug;
		};
		845998281B1F846100B0B659 /* Release */ = {
			isa = XCBuildConfiguration;
			buildSettings = {
				ALWAYS_SEARCH_USER_PATHS = NO;
				CLANG_CXX_LANGUAGE_STANDARD = "gnu++0x";
				CLANG_CXX_LIBRARY = "libc++";
				CLANG_ENABLE_MODULES = YES;
				CLANG_ENABLE_OBJC_ARC = YES;
				CLANG_WARN_BOOL_CONVERSION = YES;
				CLANG_WARN_CONSTANT_CONVERSION = YES;
				CLANG_WARN_DIRECT_OBJC_ISA_USAGE = YES_ERROR;
				CLANG_WARN_EMPTY_BODY = YES;
				CLANG_WARN_ENUM_CONVERSION = YES;
				CLANG_WARN_INT_CONVERSION = YES;
				CLANG_WARN_OBJC_ROOT_CLASS = YES_ERROR;
				CLANG_WARN_UNREACHABLE_CODE = YES;
				CLANG_WARN__DUPLICATE_METHOD_MATCH = YES;
				"CODE_SIGN_IDENTITY[sdk=iphoneos*]" = "iPhone Developer";
				COPY_PHASE_STRIP = NO;
				DEBUG_INFORMATION_FORMAT = "dwarf-with-dsym";
				ENABLE_NS_ASSERTIONS = NO;
				ENABLE_STRICT_OBJC_MSGSEND = YES;
				GCC_C_LANGUAGE_STANDARD = gnu99;
				GCC_NO_COMMON_BLOCKS = YES;
				GCC_WARN_64_TO_32_BIT_CONVERSION = YES;
				GCC_WARN_ABOUT_RETURN_TYPE = YES_ERROR;
				GCC_WARN_UNDECLARED_SELECTOR = YES;
				GCC_WARN_UNINITIALIZED_AUTOS = YES_AGGRESSIVE;
				GCC_WARN_UNUSED_FUNCTION = YES;
				GCC_WARN_UNUSED_VARIABLE = YES;
				IPHONEOS_DEPLOYMENT_TARGET = 8.3;
				MTL_ENABLE_DEBUG_INFO = NO;
				SDKROOT = iphoneos;
				TARGETED_DEVICE_FAMILY = "1,2";
				VALIDATE_PRODUCT = YES;
			};
			name = Release;
		};
		8459982A1B1F846100B0B659 /* Debug */ = {
			isa = XCBuildConfiguration;
			buildSettings = {
				ASSETCATALOG_COMPILER_APPICON_NAME = AppIcon;
				FRAMEWORK_SEARCH_PATHS = (
					"$(inherited)",
					"$(PROJECT_DIR)/BandStalker",
				);
				INFOPLIST_FILE = BandStalker/Info.plist;
				LD_RUNPATH_SEARCH_PATHS = "$(inherited) @executable_path/Frameworks";
				"OTHER_LDFLAGS[arch=*]" = (
					"$(OTHER_LDFLAGS)",
					"-ObjC",
				);
				PRODUCT_NAME = "$(TARGET_NAME)";
			};
			name = Debug;
		};
		8459982B1B1F846100B0B659 /* Release */ = {
			isa = XCBuildConfiguration;
			buildSettings = {
				ASSETCATALOG_COMPILER_APPICON_NAME = AppIcon;
				FRAMEWORK_SEARCH_PATHS = (
					"$(inherited)",
					"$(PROJECT_DIR)/BandStalker",
				);
				INFOPLIST_FILE = BandStalker/Info.plist;
				LD_RUNPATH_SEARCH_PATHS = "$(inherited) @executable_path/Frameworks";
				"OTHER_LDFLAGS[arch=*]" = (
					"$(OTHER_LDFLAGS)",
					"-ObjC",
				);
				PRODUCT_NAME = "$(TARGET_NAME)";
			};
			name = Release;
		};
		8459982D1B1F846100B0B659 /* Debug */ = {
			isa = XCBuildConfiguration;
			buildSettings = {
				BUNDLE_LOADER = "$(TEST_HOST)";
				FRAMEWORK_SEARCH_PATHS = (
					"$(SDKROOT)/Developer/Library/Frameworks",
					"$(inherited)",
				);
				GCC_PREPROCESSOR_DEFINITIONS = (
					"DEBUG=1",
					"$(inherited)",
				);
				INFOPLIST_FILE = BandStalkerTests/Info.plist;
				LD_RUNPATH_SEARCH_PATHS = "$(inherited) @executable_path/Frameworks @loader_path/Frameworks";
				PRODUCT_NAME = "$(TARGET_NAME)";
				TEST_HOST = "$(BUILT_PRODUCTS_DIR)/BandStalker.app/BandStalker";
			};
			name = Debug;
		};
		8459982E1B1F846100B0B659 /* Release */ = {
			isa = XCBuildConfiguration;
			buildSettings = {
				BUNDLE_LOADER = "$(TEST_HOST)";
				FRAMEWORK_SEARCH_PATHS = (
					"$(SDKROOT)/Developer/Library/Frameworks",
					"$(inherited)",
				);
				INFOPLIST_FILE = BandStalkerTests/Info.plist;
				LD_RUNPATH_SEARCH_PATHS = "$(inherited) @executable_path/Frameworks @loader_path/Frameworks";
				PRODUCT_NAME = "$(TARGET_NAME)";
				TEST_HOST = "$(BUILT_PRODUCTS_DIR)/BandStalker.app/BandStalker";
			};
			name = Release;
		};
/* End XCBuildConfiguration section */

/* Begin XCConfigurationList section */
		845998011B1F846000B0B659 /* Build configuration list for PBXProject "BandStalker" */ = {
			isa = XCConfigurationList;
			buildConfigurations = (
				845998271B1F846100B0B659 /* Debug */,
				845998281B1F846100B0B659 /* Release */,
			);
			defaultConfigurationIsVisible = 0;
			defaultConfigurationName = Release;
		};
		845998291B1F846100B0B659 /* Build configuration list for PBXNativeTarget "BandStalker" */ = {
			isa = XCConfigurationList;
			buildConfigurations = (
				8459982A1B1F846100B0B659 /* Debug */,
				8459982B1B1F846100B0B659 /* Release */,
			);
			defaultConfigurationIsVisible = 0;
			defaultConfigurationName = Release;
		};
		8459982C1B1F846100B0B659 /* Build configuration list for PBXNativeTarget "BandStalkerTests" */ = {
			isa = XCConfigurationList;
			buildConfigurations = (
				8459982D1B1F846100B0B659 /* Debug */,
				8459982E1B1F846100B0B659 /* Release */,
			);
			defaultConfigurationIsVisible = 0;
			defaultConfigurationName = Release;
		};
/* End XCConfigurationList section */
	};
	rootObject = 845997FE1B1F846000B0B659 /* Project object */;
}
