// !$*UTF8*$!
{
	archiveVersion = 1;
	classes = {
	};
	objectVersion = 46;
	objects = {

/* Begin PBXBuildFile section */
		8459980C1B1F846000B0B659 /* main.m in Sources */ = {isa = PBXBuildFile; fileRef = 8459980B1B1F846000B0B659 /* main.m */; };
		8459980F1B1F846000B0B659 /* AppDelegate.m in Sources */ = {isa = PBXBuildFile; fileRef = 8459980E1B1F846000B0B659 /* AppDelegate.m */; };
		845998121B1F846000B0B659 /* ViewController.m in Sources */ = {isa = PBXBuildFile; fileRef = 845998111B1F846000B0B659 /* ViewController.m */; };
		845998151B1F846000B0B659 /* Main.storyboard in Resources */ = {isa = PBXBuildFile; fileRef = 845998131B1F846000B0B659 /* Main.storyboard */; };
		845998171B1F846000B0B659 /* Images.xcassets in Resources */ = {isa = PBXBuildFile; fileRef = 845998161B1F846000B0B659 /* Images.xcassets */; };
		8459981A1B1F846000B0B659 /* LaunchScreen.xib in Resources */ = {isa = PBXBuildFile; fileRef = 845998181B1F846000B0B659 /* LaunchScreen.xib */; };
		845998261B1F846100B0B659 /* BandStalkerTests.m in Sources */ = {isa = PBXBuildFile; fileRef = 845998251B1F846100B0B659 /* BandStalkerTests.m */; };
/* End PBXBuildFile section */

/* Begin PBXContainerItemProxy section */
		845998201B1F846100B0B659 /* PBXContainerItemProxy */ = {
			isa = PBXContainerItemProxy;
			containerPortal = 845997FE1B1F846000B0B659 /* Project object */;
			proxyType = 1;
			remoteGlobalIDString = 845998051B1F846000B0B659;
			remoteInfo = BandStalker;
		};
/* End PBXContainerItemProxy section */

/* Begin PBXFileReference section */
		845998061B1F846000B0B659 /* BandStalker.app */ = {isa = PBXFileReference; explicitFileType = wrapper.application; includeInIndex = 0; path = BandStalker.app; sourceTree = BUILT_PRODUCTS_DIR; };
		8459980A1B1F846000B0B659 /* Info.plist */ = {isa = PBXFileReference; lastKnownFileType = text.plist.xml; path = Info.plist; sourceTree = "<group>"; };
		8459980B1B1F846000B0B659 /* main.m */ = {isa = PBXFileReference; lastKnownFileType = sourcecode.c.objc; path = main.m; sourceTree = "<group>"; };
		8459980D1B1F846000B0B659 /* AppDelegate.h */ = {isa = PBXFileReference; lastKnownFileType = sourcecode.c.h; path = AppDelegate.h; sourceTree = "<group>"; };
		8459980E1B1F846000B0B659 /* AppDelegate.m */ = {isa = PBXFileReference; lastKnownFileType = sourcecode.c.objc; path = AppDelegate.m; sourceTree = "<group>"; };
		845998101B1F846000B0B659 /* ViewController.h */ = {isa = PBXFileReference; lastKnownFileType = sourcecode.c.h; path = ViewController.h; sourceTree = "<group>"; };
		845998111B1F846000B0B659 /* ViewController.m */ = {isa = PBXFileReference; lastKnownFileType = sourcecode.c.objc; path = ViewController.m; sourceTree = "<group>"; };
		845998141B1F846000B0B659 /* Base */ = {isa = PBXFileReference; lastKnownFileType = file.storyboard; name = Base; path = Base.lproj/Main.storyboard; sourceTree = "<group>"; };
		845998161B1F846000B0B659 /* Images.xcassets */ = {isa = PBXFileReference; lastKnownFileType = folder.assetcatalog; path = Images.xcassets; sourceTree = "<group>"; };
		845998191B1F846000B0B659 /* Base */ = {isa = PBXFileReference; lastKnownFileType = file.xib; name = Base; path = Base.lproj/LaunchScreen.xib; sourceTree = "<group>"; };
		8459981F1B1F846100B0B659 /* BandStalkerTests.xctest */ = {isa = PBXFileReference; explicitFileType = wrapper.cfbundle; includeInIndex = 0; path = BandStalkerTests.xctest; sourceTree = BUILT_PRODUCTS_DIR; };
		845998241B1F846100B0B659 /* Info.plist */ = {isa = PBXFileReference; lastKnownFileType = text.plist.xml; path = Info.plist; sourceTree = "<group>"; };
		845998251B1F846100B0B659 /* BandStalkerTests.m */ = {isa = PBXFileReference; lastKnownFileType = sourcecode.c.objc; path = BandStalkerTests.m; sourceTree = "<group>"; };
/* End PBXFileReference section */

/* Begin PBXFrameworksBuildPhase section */
		845998031B1F846000B0B659 /* Frameworks */ = {
			isa = PBXFrameworksBuildPhase;
			buildActionMask = 2147483647;
			files = (
			);
			runOnlyForDeploymentPostprocessing = 0;
		};
		8459981C1B1F846100B0B659 /* Frameworks */ = {
			isa = PBXFrameworksBuildPhase;
			buildActionMask = 2147483647;
			files = (
			);
			runOnlyForDeploymentPostprocessing = 0;
		};
/* End PBXFrameworksBuildPhase section */

/* Begin PBXGroup section */
		845997FD1B1F846000B0B659 = {
			isa = PBXGroup;
			children = (
				845998081B1F846000B0B659 /* BandStalker */,
				845998221B1F846100B0B659 /* BandStalkerTests */,
				845998071B1F846000B0B659 /* Products */,
			);
			sourceTree = "<group>";
		};
		845998071B1F846000B0B659 /* Products */ = {
			isa = PBXGroup;
			children = (
				845998061B1F846000B0B659 /* BandStalker.app */,
				8459981F1B1F846100B0B659 /* BandStalkerTests.xctest */,
			);
			name = Products;
			sourceTree = "<group>";
		};
		845998081B1F846000B0B659 /* BandStalker */ = {
			isa = PBXGroup;
			children = (
				8459980D1B1F846000B0B659 /* AppDelegate.h */,
				8459980E1B1F846000B0B659 /* AppDelegate.m */,
				845998101B1F846000B0B659 /* ViewController.h */,
				845998111B1F846000B0B659 /* ViewController.m */,
				845998131B1F846000B0B659 /* Main.storyboard */,
				845998161B1F846000B0B659 /* Images.xcassets */,
				845998181B1F846000B0B659 /* LaunchScreen.xib */,
				845998091B1F846000B0B659 /* Supporting Files */,
			);
			path = BandStalker;
			sourceTree = "<group>";
		};
		845998091B1F846000B0B659 /* Supporting Files */ = {
			isa = PBXGroup;
			children = (
				8459980A1B1F846000B0B659 /* Info.plist */,
				8459980B1B1F846000B0B659 /* main.m */,
			);
			name = "Supporting Files";
			sourceTree = "<group>";
		};
		845998221B1F846100B0B659 /* BandStalkerTests */ = {
			isa = PBXGroup;
			children = (
				845998251B1F846100B0B659 /* BandStalkerTests.m */,
				845998231B1F846100B0B659 /* Supporting Files */,
			);
			path = BandStalkerTests;
			sourceTree = "<group>";
		};
		845998231B1F846100B0B659 /* Supporting Files */ = {
			isa = PBXGroup;
			children = (
				845998241B1F846100B0B659 /* Info.plist */,
			);
			name = "Supporting Files";
			sourceTree = "<group>";
		};
/* End PBXGroup section */

/* Begin PBXNativeTarget section */
		845998051B1F846000B0B659 /* BandStalker */ = {
			isa = PBXNativeTarget;
			buildConfigurationList = 845998291B1F846100B0B659 /* Build configuration list for PBXNativeTarget "BandStalker" */;
			buildPhases = (
				845998021B1F846000B0B659 /* Sources */,
				845998031B1F846000B0B659 /* Frameworks */,
				845998041B1F846000B0B659 /* Resources */,
			);
			buildRules = (
			);
			dependencies = (
			);
			name = BandStalker;
			productName = BandStalker;
			productReference = 845998061B1F846000B0B659 /* BandStalker.app */;
			productType = "com.apple.product-type.application";
		};
		8459981E1B1F846100B0B659 /* BandStalkerTests */ = {
			isa = PBXNativeTarget;
			buildConfigurationList = 8459982C1B1F846100B0B659 /* Build configuration list for PBXNativeTarget "BandStalkerTests" */;
			buildPhases = (
				8459981B1B1F846100B0B659 /* Sources */,
				8459981C1B1F846100B0B659 /* Frameworks */,
				8459981D1B1F846100B0B659 /* Resources */,
			);
			buildRules = (
			);
			dependencies = (
				845998211B1F846100B0B659 /* PBXTargetDependency */,
			);
			name = BandStalkerTests;
			productName = BandStalkerTests;
			productReference = 8459981F1B1F846100B0B659 /* BandStalkerTests.xctest */;
			productType = "com.apple.product-type.bundle.unit-test";
		};
/* End PBXNativeTarget section */

/* Begin PBXProject section */
		845997FE1B1F846000B0B659 /* Project object */ = {
			isa = PBXProject;
			attributes = {
				LastUpgradeCheck = 0630;
				ORGANIZATIONNAME = Admin;
				TargetAttributes = {
					845998051B1F846000B0B659 = {
						CreatedOnToolsVersion = 6.3.2;
					};
					8459981E1B1F846100B0B659 = {
						CreatedOnToolsVersion = 6.3.2;
						TestTargetID = 845998051B1F846000B0B659;
					};
				};
			};
			buildConfigurationList = 845998011B1F846000B0B659 /* Build configuration list for PBXProject "BandStalker" */;
			compatibilityVersion = "Xcode 3.2";
			developmentRegion = English;
			hasScannedForEncodings = 0;
			knownRegions = (
				en,
				Base,
			);
			mainGroup = 845997FD1B1F846000B0B659;
			productRefGroup = 845998071B1F846000B0B659 /* Products */;
			projectDirPath = "";
			projectRoot = "";
			targets = (
				845998051B1F846000B0B659 /* BandStalker */,
				8459981E1B1F846100B0B659 /* BandStalkerTests */,
			);
		};
/* End PBXProject section */

/* Begin PBXResourcesBuildPhase section */
		845998041B1F846000B0B659 /* Resources */ = {
			isa = PBXResourcesBuildPhase;
			buildActionMask = 2147483647;
			files = (
				845998151B1F846000B0B659 /* Main.storyboard in Resources */,
				8459981A1B1F846000B0B659 /* LaunchScreen.xib in Resources */,
				845998171B1F846000B0B659 /* Images.xcassets in Resources */,
			);
			runOnlyForDeploymentPostprocessing = 0;
		};
		8459981D1B1F846100B0B659 /* Resources */ = {
			isa = PBXResourcesBuildPhase;
			buildActionMask = 2147483647;
			files = (
			);
			runOnlyForDeploymentPostprocessing = 0;
		};
/* End PBXResourcesBuildPhase section */

/* Begin PBXSourcesBuildPhase section */
		845998021B1F846000B0B659 /* Sources */ = {
			isa = PBXSourcesBuildPhase;
			buildActionMask = 2147483647;
			files = (
				845998121B1F846000B0B659 /* ViewController.m in Sources */,
				8459980F1B1F846000B0B659 /* AppDelegate.m in Sources */,
				8459980C1B1F846000B0B659 /* main.m in Sources */,
			);
			runOnlyForDeploymentPostprocessing = 0;
		};
		8459981B1B1F846100B0B659 /* Sources */ = {
			isa = PBXSourcesBuildPhase;
			buildActionMask = 2147483647;
			files = (
				845998261B1F846100B0B659 /* BandStalkerTests.m in Sources */,
			);
			runOnlyForDeploymentPostprocessing = 0;
		};
/* End PBXSourcesBuildPhase section */

/* Begin PBXTargetDependency section */
		845998211B1F846100B0B659 /* PBXTargetDependency */ = {
			isa = PBXTargetDependency;
			target = 845998051B1F846000B0B659 /* BandStalker */;
			targetProxy = 845998201B1F846100B0B659 /* PBXContainerItemProxy */;
		};
/* End PBXTargetDependency section */

/* Begin PBXVariantGroup section */
		845998131B1F846000B0B659 /* Main.storyboard */ = {
			isa = PBXVariantGroup;
			children = (
				845998141B1F846000B0B659 /* Base */,
			);
			name = Main.storyboard;
			sourceTree = "<group>";
		};
		845998181B1F846000B0B659 /* LaunchScreen.xib */ = {
			isa = PBXVariantGroup;
			children = (
				845998191B1F846000B0B659 /* Base */,
			);
			name = LaunchScreen.xib;
			sourceTree = "<group>";
		};
/* End PBXVariantGroup section */

/* Begin XCBuildConfiguration section */
		845998271B1F846100B0B659 /* Debug */ = {
			isa = XCBuildConfiguration;
			buildSettings = {
				ALWAYS_SEARCH_USER_PATHS = NO;
				CLANG_CXX_LANGUAGE_STANDARD = "gnu++0x";
				CLANG_CXX_LIBRARY = "libc++";
				CLANG_ENABLE_MODULES = YES;
				CLANG_ENABLE_OBJC_ARC = YES;
				CLANG_WARN_BOOL_CONVERSION = YES;
				CLANG_WARN_CONSTANT_CONVERSION = YES;
				CLANG_WARN_DIRECT_OBJC_ISA_USAGE = YES_ERROR;
				CLANG_WARN_EMPTY_BODY = YES;
				CLANG_WARN_ENUM_CONVERSION = YES;
				CLANG_WARN_INT_CONVERSION = YES;
				CLANG_WARN_OBJC_ROOT_CLASS = YES_ERROR;
				CLANG_WARN_UNREACHABLE_CODE = YES;
				CLANG_WARN__DUPLICATE_METHOD_MATCH = YES;
				"CODE_SIGN_IDENTITY[sdk=iphoneos*]" = "iPhone Developer";
				COPY_PHASE_STRIP = NO;
				DEBUG_INFORMATION_FORMAT = "dwarf-with-dsym";
				ENABLE_STRICT_OBJC_MSGSEND = YES;
				GCC_C_LANGUAGE_STANDARD = gnu99;
				GCC_DYNAMIC_NO_PIC = NO;
				GCC_NO_COMMON_BLOCKS = YES;
				GCC_OPTIMIZATION_LEVEL = 0;
				GCC_PREPROCESSOR_DEFINITIONS = (
					"DEBUG=1",
					"$(inherited)",
				);
				GCC_SYMBOLS_PRIVATE_EXTERN = NO;
				GCC_WARN_64_TO_32_BIT_CONVERSION = YES;
				GCC_WARN_ABOUT_RETURN_TYPE = YES_ERROR;
				GCC_WARN_UNDECLARED_SELECTOR = YES;
				GCC_WARN_UNINITIALIZED_AUTOS = YES_AGGRESSIVE;
				GCC_WARN_UNUSED_FUNCTION = YES;
				GCC_WARN_UNUSED_VARIABLE = YES;
				IPHONEOS_DEPLOYMENT_TARGET = 8.3;
				MTL_ENABLE_DEBUG_INFO = YES;
				ONLY_ACTIVE_ARCH = YES;
				SDKROOT = iphoneos;
				TARGETED_DEVICE_FAMILY = "1,2";
			};
			name = Debug;
		};
		845998281B1F846100B0B659 /* Release */ = {
			isa = XCBuildConfiguration;
			buildSettings = {
				ALWAYS_SEARCH_USER_PATHS = NO;
				CLANG_CXX_LANGUAGE_STANDARD = "gnu++0x";
				CLANG_CXX_LIBRARY = "libc++";
				CLANG_ENABLE_MODULES = YES;
				CLANG_ENABLE_OBJC_ARC = YES;
				CLANG_WARN_BOOL_CONVERSION = YES;
				CLANG_WARN_CONSTANT_CONVERSION = YES;
				CLANG_WARN_DIRECT_OBJC_ISA_USAGE = YES_ERROR;
				CLANG_WARN_EMPTY_BODY = YES;
				CLANG_WARN_ENUM_CONVERSION = YES;
				CLANG_WARN_INT_CONVERSION = YES;
				CLANG_WARN_OBJC_ROOT_CLASS = YES_ERROR;
				CLANG_WARN_UNREACHABLE_CODE = YES;
				CLANG_WARN__DUPLICATE_METHOD_MATCH = YES;
				"CODE_SIGN_IDENTITY[sdk=iphoneos*]" = "iPhone Developer";
				COPY_PHASE_STRIP = NO;
				DEBUG_INFORMATION_FORMAT = "dwarf-with-dsym";
				ENABLE_NS_ASSERTIONS = NO;
				ENABLE_STRICT_OBJC_MSGSEND = YES;
				GCC_C_LANGUAGE_STANDARD = gnu99;
				GCC_NO_COMMON_BLOCKS = YES;
				GCC_WARN_64_TO_32_BIT_CONVERSION = YES;
				GCC_WARN_ABOUT_RETURN_TYPE = YES_ERROR;
				GCC_WARN_UNDECLARED_SELECTOR = YES;
				GCC_WARN_UNINITIALIZED_AUTOS = YES_AGGRESSIVE;
				GCC_WARN_UNUSED_FUNCTION = YES;
				GCC_WARN_UNUSED_VARIABLE = YES;
				IPHONEOS_DEPLOYMENT_TARGET = 8.3;
				MTL_ENABLE_DEBUG_INFO = NO;
				SDKROOT = iphoneos;
				TARGETED_DEVICE_FAMILY = "1,2";
				VALIDATE_PRODUCT = YES;
			};
			name = Release;
		};
		8459982A1B1F846100B0B659 /* Debug */ = {
			isa = XCBuildConfiguration;
			buildSettings = {
				ASSETCATALOG_COMPILER_APPICON_NAME = AppIcon;
				INFOPLIST_FILE = BandStalker/Info.plist;
				LD_RUNPATH_SEARCH_PATHS = "$(inherited) @executable_path/Frameworks";
				PRODUCT_NAME = "$(TARGET_NAME)";
			};
			name = Debug;
		};
		8459982B1B1F846100B0B659 /* Release */ = {
			isa = XCBuildConfiguration;
			buildSettings = {
				ASSETCATALOG_COMPILER_APPICON_NAME = AppIcon;
				INFOPLIST_FILE = BandStalker/Info.plist;
				LD_RUNPATH_SEARCH_PATHS = "$(inherited) @executable_path/Frameworks";
				PRODUCT_NAME = "$(TARGET_NAME)";
			};
			name = Release;
		};
		8459982D1B1F846100B0B659 /* Debug */ = {
			isa = XCBuildConfiguration;
			buildSettings = {
				BUNDLE_LOADER = "$(TEST_HOST)";
				FRAMEWORK_SEARCH_PATHS = (
					"$(SDKROOT)/Developer/Library/Frameworks",
					"$(inherited)",
				);
				GCC_PREPROCESSOR_DEFINITIONS = (
					"DEBUG=1",
					"$(inherited)",
				);
				INFOPLIST_FILE = BandStalkerTests/Info.plist;
				LD_RUNPATH_SEARCH_PATHS = "$(inherited) @executable_path/Frameworks @loader_path/Frameworks";
				PRODUCT_NAME = "$(TARGET_NAME)";
				TEST_HOST = "$(BUILT_PRODUCTS_DIR)/BandStalker.app/BandStalker";
			};
			name = Debug;
		};
		8459982E1B1F846100B0B659 /* Release */ = {
			isa = XCBuildConfiguration;
			buildSettings = {
				BUNDLE_LOADER = "$(TEST_HOST)";
				FRAMEWORK_SEARCH_PATHS = (
					"$(SDKROOT)/Developer/Library/Frameworks",
					"$(inherited)",
				);
				INFOPLIST_FILE = BandStalkerTests/Info.plist;
				LD_RUNPATH_SEARCH_PATHS = "$(inherited) @executable_path/Frameworks @loader_path/Frameworks";
				PRODUCT_NAME = "$(TARGET_NAME)";
				TEST_HOST = "$(BUILT_PRODUCTS_DIR)/BandStalker.app/BandStalker";
			};
			name = Release;
		};
/* End XCBuildConfiguration section */

/* Begin XCConfigurationList section */
		845998011B1F846000B0B659 /* Build configuration list for PBXProject "BandStalker" */ = {
			isa = XCConfigurationList;
			buildConfigurations = (
				845998271B1F846100B0B659 /* Debug */,
				845998281B1F846100B0B659 /* Release */,
			);
			defaultConfigurationIsVisible = 0;
			defaultConfigurationName = Release;
		};
		845998291B1F846100B0B659 /* Build configuration list for PBXNativeTarget "BandStalker" */ = {
			isa = XCConfigurationList;
			buildConfigurations = (
				8459982A1B1F846100B0B659 /* Debug */,
				8459982B1B1F846100B0B659 /* Release */,
			);
			defaultConfigurationIsVisible = 0;
		};
		8459982C1B1F846100B0B659 /* Build configuration list for PBXNativeTarget "BandStalkerTests" */ = {
			isa = XCConfigurationList;
			buildConfigurations = (
				8459982D1B1F846100B0B659 /* Debug */,
				8459982E1B1F846100B0B659 /* Release */,
			);
			defaultConfigurationIsVisible = 0;
		};
/* End XCConfigurationList section */
	};
	rootObject = 845997FE1B1F846000B0B659 /* Project object */;
}
